
Microsoft Visual Studio Solution File, Format Version 12.00
# Visual Studio Version 17
VisualStudioVersion = 17.5.33516.290
MinimumVisualStudioVersion = 10.0.40219.1
Project("{FAE04EC0-301F-11D3-BF4B-00C04F79EFBC}") = "LeetCode9", "LeetCode9\LeetCode9.csproj", "{A19F7EC7-673C-4654-A49B-01CC55055407}"
EndProject
Project("{FAE04EC0-301F-11D3-BF4B-00C04F79EFBC}") = "LeetCode2442", "LeetCode2442\LeetCode2442.csproj", "{CA76BA39-D2AD-4DB7-8ACB-F72C6BE62BD3}"
EndProject
Project("{FAE04EC0-301F-11D3-BF4B-00C04F79EFBC}") = "LeetCode739", "LeetCode739\LeetCode739.csproj", "{C988FEE2-0F6E-4567-BB08-98BA282F07BB}"
EndProject
Project("{FAE04EC0-301F-11D3-BF4B-00C04F79EFBC}") = "LeetCode2125", "LeetCode2125\LeetCode2125.csproj", "{60FB154F-737C-4DCE-B754-2DA6E2364780}"
EndProject
Project("{FAE04EC0-301F-11D3-BF4B-00C04F79EFBC}") = "LeetCode70", "LeetCode70\LeetCode70.csproj", "{2398553C-B1C0-49FE-B9D3-77F2A5E7B4B2}"
EndProject
Project("{FAE04EC0-301F-11D3-BF4B-00C04F79EFBC}") = "LeetCode189", "LeetCode189\LeetCode189.csproj", "{6A458465-E89D-4356-AE14-A8AA933DA32B}"
EndProject
Project("{FAE04EC0-301F-11D3-BF4B-00C04F79EFBC}") = "LeetCode1779", "LeetCode1779\LeetCode1779.csproj", "{0E457169-3D26-4FC5-9CBD-A9F169B1F078}"
EndProject
Project("{FAE04EC0-301F-11D3-BF4B-00C04F79EFBC}") = "LeetCode1456", "LeetCode1456\LeetCode1456.csproj", "{455E9B95-DB3F-49DB-9972-F39EF08FB127}"
EndProject
Project("{FAE04EC0-301F-11D3-BF4B-00C04F79EFBC}") = "LeetCode283", "LeetCode283\LeetCode283.csproj", "{3D9642B6-2360-44F2-A9FF-96CE84220321}"
EndProject
Project("{FAE04EC0-301F-11D3-BF4B-00C04F79EFBC}") = "LeetCode322", "LeetCode322\LeetCode322.csproj", "{7B85DC56-89DF-4A05-B413-7BF30E8C366C}"
EndProject
Project("{FAE04EC0-301F-11D3-BF4B-00C04F79EFBC}") = "LeetCode704", "LeetCode704\LeetCode704.csproj", "{C12ED155-B507-486A-BD81-E47FFB30D398}"
EndProject
Project("{FAE04EC0-301F-11D3-BF4B-00C04F79EFBC}") = "LeetCode48", "LeetCode48\LeetCode48.csproj", "{E7FFE37D-9F6F-4DDD-95D2-FA2984DE73B8}"
EndProject
Project("{FAE04EC0-301F-11D3-BF4B-00C04F79EFBC}") = "LeetCode240", "LeetCode240\LeetCode240.csproj", "{888577F3-C44E-48FF-AC9D-1C6A22035A00}"
EndProject
Project("{FAE04EC0-301F-11D3-BF4B-00C04F79EFBC}") = "LeetCode49", "LeetCode49\LeetCode49.csproj", "{6F5D95BB-9322-4507-BC73-BF439DDEB20C}"
EndProject
Project("{FAE04EC0-301F-11D3-BF4B-00C04F79EFBC}") = "LeetCode287", "LeetCode287\LeetCode287.csproj", "{49F7A364-7D0E-4FC1-8665-F55D9BC5034C}"
EndProject
Project("{FAE04EC0-301F-11D3-BF4B-00C04F79EFBC}") = "LeetCode268", "LeetCode268\LeetCode268.csproj", "{9EB24243-41FF-4599-8ACA-8D4B3423EAA9}"
EndProject
Global
	GlobalSection(SolutionConfigurationPlatforms) = preSolution
		Debug|Any CPU = Debug|Any CPU
		Release|Any CPU = Release|Any CPU
	EndGlobalSection
	GlobalSection(ProjectConfigurationPlatforms) = postSolution
		{A19F7EC7-673C-4654-A49B-01CC55055407}.Debug|Any CPU.ActiveCfg = Debug|Any CPU
		{A19F7EC7-673C-4654-A49B-01CC55055407}.Debug|Any CPU.Build.0 = Debug|Any CPU
		{A19F7EC7-673C-4654-A49B-01CC55055407}.Release|Any CPU.ActiveCfg = Release|Any CPU
		{A19F7EC7-673C-4654-A49B-01CC55055407}.Release|Any CPU.Build.0 = Release|Any CPU
		{CA76BA39-D2AD-4DB7-8ACB-F72C6BE62BD3}.Debug|Any CPU.ActiveCfg = Debug|Any CPU
		{CA76BA39-D2AD-4DB7-8ACB-F72C6BE62BD3}.Debug|Any CPU.Build.0 = Debug|Any CPU
		{CA76BA39-D2AD-4DB7-8ACB-F72C6BE62BD3}.Release|Any CPU.ActiveCfg = Release|Any CPU
		{CA76BA39-D2AD-4DB7-8ACB-F72C6BE62BD3}.Release|Any CPU.Build.0 = Release|Any CPU
		{C988FEE2-0F6E-4567-BB08-98BA282F07BB}.Debug|Any CPU.ActiveCfg = Debug|Any CPU
		{C988FEE2-0F6E-4567-BB08-98BA282F07BB}.Debug|Any CPU.Build.0 = Debug|Any CPU
		{C988FEE2-0F6E-4567-BB08-98BA282F07BB}.Release|Any CPU.ActiveCfg = Release|Any CPU
		{C988FEE2-0F6E-4567-BB08-98BA282F07BB}.Release|Any CPU.Build.0 = Release|Any CPU
		{60FB154F-737C-4DCE-B754-2DA6E2364780}.Debug|Any CPU.ActiveCfg = Debug|Any CPU
		{60FB154F-737C-4DCE-B754-2DA6E2364780}.Debug|Any CPU.Build.0 = Debug|Any CPU
		{60FB154F-737C-4DCE-B754-2DA6E2364780}.Release|Any CPU.ActiveCfg = Release|Any CPU
		{60FB154F-737C-4DCE-B754-2DA6E2364780}.Release|Any CPU.Build.0 = Release|Any CPU
		{2398553C-B1C0-49FE-B9D3-77F2A5E7B4B2}.Debug|Any CPU.ActiveCfg = Debug|Any CPU
		{2398553C-B1C0-49FE-B9D3-77F2A5E7B4B2}.Debug|Any CPU.Build.0 = Debug|Any CPU
		{2398553C-B1C0-49FE-B9D3-77F2A5E7B4B2}.Release|Any CPU.ActiveCfg = Release|Any CPU
		{2398553C-B1C0-49FE-B9D3-77F2A5E7B4B2}.Release|Any CPU.Build.0 = Release|Any CPU
		{6A458465-E89D-4356-AE14-A8AA933DA32B}.Debug|Any CPU.ActiveCfg = Debug|Any CPU
		{6A458465-E89D-4356-AE14-A8AA933DA32B}.Debug|Any CPU.Build.0 = Debug|Any CPU
		{6A458465-E89D-4356-AE14-A8AA933DA32B}.Release|Any CPU.ActiveCfg = Release|Any CPU
		{6A458465-E89D-4356-AE14-A8AA933DA32B}.Release|Any CPU.Build.0 = Release|Any CPU
		{0E457169-3D26-4FC5-9CBD-A9F169B1F078}.Debug|Any CPU.ActiveCfg = Debug|Any CPU
		{0E457169-3D26-4FC5-9CBD-A9F169B1F078}.Debug|Any CPU.Build.0 = Debug|Any CPU
		{0E457169-3D26-4FC5-9CBD-A9F169B1F078}.Release|Any CPU.ActiveCfg = Release|Any CPU
		{0E457169-3D26-4FC5-9CBD-A9F169B1F078}.Release|Any CPU.Build.0 = Release|Any CPU
		{455E9B95-DB3F-49DB-9972-F39EF08FB127}.Debug|Any CPU.ActiveCfg = Debug|Any CPU
		{455E9B95-DB3F-49DB-9972-F39EF08FB127}.Debug|Any CPU.Build.0 = Debug|Any CPU
		{455E9B95-DB3F-49DB-9972-F39EF08FB127}.Release|Any CPU.ActiveCfg = Release|Any CPU
		{455E9B95-DB3F-49DB-9972-F39EF08FB127}.Release|Any CPU.Build.0 = Release|Any CPU
		{3D9642B6-2360-44F2-A9FF-96CE84220321}.Debug|Any CPU.ActiveCfg = Debug|Any CPU
		{3D9642B6-2360-44F2-A9FF-96CE84220321}.Debug|Any CPU.Build.0 = Debug|Any CPU
		{3D9642B6-2360-44F2-A9FF-96CE84220321}.Release|Any CPU.ActiveCfg = Release|Any CPU
		{3D9642B6-2360-44F2-A9FF-96CE84220321}.Release|Any CPU.Build.0 = Release|Any CPU
		{7B85DC56-89DF-4A05-B413-7BF30E8C366C}.Debug|Any CPU.ActiveCfg = Debug|Any CPU
		{7B85DC56-89DF-4A05-B413-7BF30E8C366C}.Debug|Any CPU.Build.0 = Debug|Any CPU
		{7B85DC56-89DF-4A05-B413-7BF30E8C366C}.Release|Any CPU.ActiveCfg = Release|Any CPU
		{7B85DC56-89DF-4A05-B413-7BF30E8C366C}.Release|Any CPU.Build.0 = Release|Any CPU
		{C12ED155-B507-486A-BD81-E47FFB30D398}.Debug|Any CPU.ActiveCfg = Debug|Any CPU
		{C12ED155-B507-486A-BD81-E47FFB30D398}.Debug|Any CPU.Build.0 = Debug|Any CPU
		{C12ED155-B507-486A-BD81-E47FFB30D398}.Release|Any CPU.ActiveCfg = Release|Any CPU
		{C12ED155-B507-486A-BD81-E47FFB30D398}.Release|Any CPU.Build.0 = Release|Any CPU
		{E7FFE37D-9F6F-4DDD-95D2-FA2984DE73B8}.Debug|Any CPU.ActiveCfg = Debug|Any CPU
		{E7FFE37D-9F6F-4DDD-95D2-FA2984DE73B8}.Debug|Any CPU.Build.0 = Debug|Any CPU
		{E7FFE37D-9F6F-4DDD-95D2-FA2984DE73B8}.Release|Any CPU.ActiveCfg = Release|Any CPU
		{E7FFE37D-9F6F-4DDD-95D2-FA2984DE73B8}.Release|Any CPU.Build.0 = Release|Any CPU
		{888577F3-C44E-48FF-AC9D-1C6A22035A00}.Debug|Any CPU.ActiveCfg = Debug|Any CPU
		{888577F3-C44E-48FF-AC9D-1C6A22035A00}.Debug|Any CPU.Build.0 = Debug|Any CPU
		{888577F3-C44E-48FF-AC9D-1C6A22035A00}.Release|Any CPU.ActiveCfg = Release|Any CPU
		{888577F3-C44E-48FF-AC9D-1C6A22035A00}.Release|Any CPU.Build.0 = Release|Any CPU
		{6F5D95BB-9322-4507-BC73-BF439DDEB20C}.Debug|Any CPU.ActiveCfg = Debug|Any CPU
		{6F5D95BB-9322-4507-BC73-BF439DDEB20C}.Debug|Any CPU.Build.0 = Debug|Any CPU
		{6F5D95BB-9322-4507-BC73-BF439DDEB20C}.Release|Any CPU.ActiveCfg = Release|Any CPU
		{6F5D95BB-9322-4507-BC73-BF439DDEB20C}.Release|Any CPU.Build.0 = Release|Any CPU
		{49F7A364-7D0E-4FC1-8665-F55D9BC5034C}.Debug|Any CPU.ActiveCfg = Debug|Any CPU
		{49F7A364-7D0E-4FC1-8665-F55D9BC5034C}.Debug|Any CPU.Build.0 = Debug|Any CPU
		{49F7A364-7D0E-4FC1-8665-F55D9BC5034C}.Release|Any CPU.ActiveCfg = Release|Any CPU
		{49F7A364-7D0E-4FC1-8665-F55D9BC5034C}.Release|Any CPU.Build.0 = Release|Any CPU
		{9EB24243-41FF-4599-8ACA-8D4B3423EAA9}.Debug|Any CPU.ActiveCfg = Debug|Any CPU
		{9EB24243-41FF-4599-8ACA-8D4B3423EAA9}.Debug|Any CPU.Build.0 = Debug|Any CPU
		{9EB24243-41FF-4599-8ACA-8D4B3423EAA9}.Release|Any CPU.ActiveCfg = Release|Any CPU
		{9EB24243-41FF-4599-8ACA-8D4B3423EAA9}.Release|Any CPU.Build.0 = Release|Any CPU
	EndGlobalSection
	GlobalSection(SolutionProperties) = preSolution
		HideSolutionNode = FALSE
	EndGlobalSection
	GlobalSection(ExtensibilityGlobals) = postSolution
		SolutionGuid = {77BB5616-F51A-46D9-BB42-72E20FACB9DB}
	EndGlobalSection
EndGlobal
